
Microsoft Visual Studio Solution File, Format Version 12.00
# Visual Studio Version 16
VisualStudioVersion = 16.0.30907.101
MinimumVisualStudioVersion = 10.0.40219.1
Project("{FAE04EC0-301F-11D3-BF4B-00C04F79EFBC}") = "CapstoneWeek1_PigLatin", "CapstoneWeek1_PigLatin\CapstoneWeek1_PigLatin.csproj", "{AD5A02E4-7FD9-4290-821C-46D64488B6BA}"
EndProject
Global
	GlobalSection(SolutionConfigurationPlatforms) = preSolution
		Debug|Any CPU = Debug|Any CPU
		Release|Any CPU = Release|Any CPU
	EndGlobalSection
	GlobalSection(ProjectConfigurationPlatforms) = postSolution
		{AD5A02E4-7FD9-4290-821C-46D64488B6BA}.Debug|Any CPU.ActiveCfg = Debug|Any CPU
		{AD5A02E4-7FD9-4290-821C-46D64488B6BA}.Debug|Any CPU.Build.0 = Debug|Any CPU
		{AD5A02E4-7FD9-4290-821C-46D64488B6BA}.Release|Any CPU.ActiveCfg = Release|Any CPU
		{AD5A02E4-7FD9-4290-821C-46D64488B6BA}.Release|Any CPU.Build.0 = Release|Any CPU
	EndGlobalSection
	GlobalSection(SolutionProperties) = preSolution
		HideSolutionNode = FALSE
	EndGlobalSection
	GlobalSection(ExtensibilityGlobals) = postSolution
		SolutionGuid = {38C8C868-9982-408B-9119-6451D987903C}
	EndGlobalSection
EndGlobal
